
Microsoft Visual Studio Solution File, Format Version 12.00
# Visual Studio Version 17
VisualStudioVersion = 17.1.31911.260
MinimumVisualStudioVersion = 10.0.40219.1
Project("{FAE04EC0-301F-11D3-BF4B-00C04F79EFBC}") = "PQ2NameTableEditor", "PQ2NameTableEditor.csproj", "{0C163B59-3A6E-4675-B310-AE5F99552CBE}"
EndProject
Global
	GlobalSection(SolutionConfigurationPlatforms) = preSolution
		Debug|Any CPU = Debug|Any CPU
		Release|Any CPU = Release|Any CPU
	EndGlobalSection
	GlobalSection(ProjectConfigurationPlatforms) = postSolution
		{0C163B59-3A6E-4675-B310-AE5F99552CBE}.Debug|Any CPU.ActiveCfg = Debug|Any CPU
		{0C163B59-3A6E-4675-B310-AE5F99552CBE}.Debug|Any CPU.Build.0 = Debug|Any CPU
		{0C163B59-3A6E-4675-B310-AE5F99552CBE}.Release|Any CPU.ActiveCfg = Release|Any CPU
		{0C163B59-3A6E-4675-B310-AE5F99552CBE}.Release|Any CPU.Build.0 = Release|Any CPU
	EndGlobalSection
	GlobalSection(SolutionProperties) = preSolution
		HideSolutionNode = FALSE
	EndGlobalSection
	GlobalSection(ExtensibilityGlobals) = postSolution
		SolutionGuid = {1AF95EF5-BCAE-4ABE-A761-D2085E0DEC9A}
	EndGlobalSection
EndGlobal
